<?xml version="1.0" encoding="utf-8"?>
<Project ToolsVersion="4.0" xmlns="http://schemas.microsoft.com/developer/msbuild/2003">
  <ItemGroup>
    <Filter Include="Source">
      <UniqueIdentifier>{d0334df8-8bb2-425b-9c27-891ba069468e}</UniqueIdentifier>
    </Filter>
    <Filter Include="Source\Core">
      <UniqueIdentifier>{9b969cb1-c19e-43ee-b645-c333bf3a70e2}</UniqueIdentifier>
    </Filter>
  </ItemGroup>
  <ItemGroup>
    <ClInclude Include="Source\Core\CoreMacros.h">
      <Filter>Source\Core</Filter>
    </ClInclude>
    <ClInclude Include="Source\Application\Application.h">
      <Filter>Source\Core</Filter>
    </ClInclude>
    <ClInclude Include="Source\Application\EntryPoint.h" />
    <ClInclude Include="Source\Core\KEngine.h" />
  </ItemGroup>
  <ItemGroup>
    <ClCompile Include="Source\Application\Application.cpp">
      <Filter>Source\Core</Filter>
    </ClCompile>
  </ItemGroup>
</Project>